{
	"name": "typescript-test",
	"lockfileVersion": 2,
	"requires": true,
	"packages": {
		"": {
			"devDependencies": {
				"prettier": "^2.3.2",
				"typescript": "^3.9.7"
			}
		},
		"node_modules/prettier": {
			"version": "2.3.2",
			"resolved": "https://registry.npmjs.org/prettier/-/prettier-2.3.2.tgz",
			"integrity": "sha512-lnJzDfJ66zkMy58OL5/NY5zp70S7Nz6KqcKkXYzn2tMVrNxvbqaBpg7H3qHaLxCJ5lNMsGuM8+ohS7cZrthdLQ==",
			"dev": true,
			"bin": {
				"prettier": "bin-prettier.js"
			},
			"engines": {
				"node": ">=10.13.0"
			}
		},
		"node_modules/typescript": {
			"version": "3.9.10",
			"resolved": "https://registry.npmjs.org/typescript/-/typescript-3.9.10.tgz",
			"integrity": "sha512-w6fIxVE/H1PkLKcCPsFqKE7Kv7QUwhU8qQY2MueZXWx5cPZdwFupLgKK3vntcK98BtNHZtAF4LA/yl2a7k8R6Q==",
			"dev": true,
			"bin": {
				"tsc": "bin/tsc",
				"tsserver": "bin/tsserver"
			},
			"engines": {
				"node": ">=4.2.0"
			}
		}
	},
	"dependencies": {
		"prettier": {
			"version": "2.3.2",
			"resolved": "https://registry.npmjs.org/prettier/-/prettier-2.3.2.tgz",
			"integrity": "sha512-lnJzDfJ66zkMy58OL5/NY5zp70S7Nz6KqcKkXYzn2tMVrNxvbqaBpg7H3qHaLxCJ5lNMsGuM8+ohS7cZrthdLQ==",
			"dev": true
		},
		"typescript": {
			"version": "3.9.10",
			"resolved": "https://registry.npmjs.org/typescript/-/typescript-3.9.10.tgz",
			"integrity": "sha512-w6fIxVE/H1PkLKcCPsFqKE7Kv7QUwhU8qQY2MueZXWx5cPZdwFupLgKK3vntcK98BtNHZtAF4LA/yl2a7k8R6Q==",
			"dev": true
		}
	}
}
